
Microsoft Visual Studio Solution File, Format Version 12.00
Project("{FAE04EC0-301F-11D3-BF4B-00C04F79EFBC}") = "Algorythms.Core", "Algorythms.Core\Algorythms.Core.csproj", "{790727B9-2151-4E54-99F3-80559C133EC0}"
EndProject
Project("{FAE04EC0-301F-11D3-BF4B-00C04F79EFBC}") = "Algorythms.Tests", "Algorythms.Tests\Algorythms.Tests.csproj", "{49109130-8695-4497-B8F2-F7537C265D8C}"
EndProject
Project("{FAE04EC0-301F-11D3-BF4B-00C04F79EFBC}") = "Algorythms.Benchmarks", "Algorythms.Benchmarks\Algorythms.Benchmarks.csproj", "{EE5C24FC-C826-4C45-8143-482B22CE2660}"
EndProject
Global
	GlobalSection(SolutionConfigurationPlatforms) = preSolution
		Debug|Any CPU = Debug|Any CPU
		Release|Any CPU = Release|Any CPU
	EndGlobalSection
	GlobalSection(ProjectConfigurationPlatforms) = postSolution
		{790727B9-2151-4E54-99F3-80559C133EC0}.Release|Any CPU.ActiveCfg = Release|Any CPU
		{790727B9-2151-4E54-99F3-80559C133EC0}.Release|Any CPU.Build.0 = Release|Any CPU
		{790727B9-2151-4E54-99F3-80559C133EC0}.Debug|Any CPU.ActiveCfg = Release|Any CPU
		{790727B9-2151-4E54-99F3-80559C133EC0}.Debug|Any CPU.Build.0 = Release|Any CPU
		{49109130-8695-4497-B8F2-F7537C265D8C}.Release|Any CPU.ActiveCfg = Release|Any CPU
		{49109130-8695-4497-B8F2-F7537C265D8C}.Release|Any CPU.Build.0 = Release|Any CPU
		{49109130-8695-4497-B8F2-F7537C265D8C}.Debug|Any CPU.ActiveCfg = Release|Any CPU
		{49109130-8695-4497-B8F2-F7537C265D8C}.Debug|Any CPU.Build.0 = Release|Any CPU
		{EE5C24FC-C826-4C45-8143-482B22CE2660}.Release|Any CPU.ActiveCfg = Release|Any CPU
		{EE5C24FC-C826-4C45-8143-482B22CE2660}.Release|Any CPU.Build.0 = Release|Any CPU
		{EE5C24FC-C826-4C45-8143-482B22CE2660}.Debug|Any CPU.ActiveCfg = Release|Any CPU
		{EE5C24FC-C826-4C45-8143-482B22CE2660}.Debug|Any CPU.Build.0 = Release|Any CPU
	EndGlobalSection
EndGlobal
